<Solution>
  <Folder Name="/src/">
    <Project Path="src/Lemon-Test.Core/Lemon-Test.Core.csproj" />
	<Project Path="src/Lemon-Test.Api/Lemon-Test.Api.csproj" />
  </Folder>
  <Folder Name="/tests/">
    <Project Path="tests/Lemon-Test.Core.Tests/Lemon-Test.Core.Tests.csproj" />
  </Folder>
</Solution>
